
Microsoft Visual Studio Solution File, Format Version 12.00
# Visual Studio Version 16
VisualStudioVersion = 16.0.31105.61
MinimumVisualStudioVersion = 10.0.40219.1
Project("{9A19103F-16F7-4668-BE54-9A1E7A4F7556}") = "TianYanCha.SDK", "TianYanCha.SDK.csproj", "{7D775C82-46D0-4177-BA13-CD71A7BF15FA}"
EndProject
Global
	GlobalSection(SolutionConfigurationPlatforms) = preSolution
		Debug|Any CPU = Debug|Any CPU
		Release|Any CPU = Release|Any CPU
	EndGlobalSection
	GlobalSection(ProjectConfigurationPlatforms) = postSolution
		{7D775C82-46D0-4177-BA13-CD71A7BF15FA}.Debug|Any CPU.ActiveCfg = Debug|Any CPU
		{7D775C82-46D0-4177-BA13-CD71A7BF15FA}.Debug|Any CPU.Build.0 = Debug|Any CPU
		{7D775C82-46D0-4177-BA13-CD71A7BF15FA}.Release|Any CPU.ActiveCfg = Release|Any CPU
		{7D775C82-46D0-4177-BA13-CD71A7BF15FA}.Release|Any CPU.Build.0 = Release|Any CPU
	EndGlobalSection
	GlobalSection(SolutionProperties) = preSolution
		HideSolutionNode = FALSE
	EndGlobalSection
	GlobalSection(ExtensibilityGlobals) = postSolution
		SolutionGuid = {95554378-9248-4017-879A-9D6668C97C47}
	EndGlobalSection
EndGlobal
